PODS:
  - Alamofire (5.5.0)
  - Nuke (10.6.1)

DEPENDENCIES:
  - Alamofire
  - Nuke

SPEC REPOS:
  trunk:
    - Alamofire
    - Nuke

SPEC CHECKSUMS:
  Alamofire: 1c4fb5369c3fe93d2857c780d8bbe09f06f97e7c
  Nuke: 3ca210aee6d90756605c5125cbe40569fd9c06f7

PODFILE CHECKSUM: 4453dec4f629e2b80af2f107ef37a07323ff9b12

COCOAPODS: 1.11.2
